// !$*UTF8*$!
{
	archiveVersion = 1;
	classes = {
	};
	objectVersion = 50;
	objects = {

/* Begin PBXBuildFile section */
		BEFFBF5B2488E6C400627138 /* AppDelegate.m in Sources */ = {isa = PBXBuildFile; fileRef = BEFFBF5A2488E6C400627138 /* AppDelegate.m */; };
		BEFFBF5E2488E6C400627138 /* SceneDelegate.m in Sources */ = {isa = PBXBuildFile; fileRef = BEFFBF5D2488E6C400627138 /* SceneDelegate.m */; };
		BEFFBF612488E6C400627138 /* ViewController.m in Sources */ = {isa = PBXBuildFile; fileRef = BEFFBF602488E6C400627138 /* ViewController.m */; };
		BEFFBF642488E6C400627138 /* Main.storyboard in Resources */ = {isa = PBXBuildFile; fileRef = BEFFBF622488E6C400627138 /* Main.storyboard */; };
		BEFFBF662488E6C700627138 /* Assets.xcassets in Resources */ = {isa = PBXBuildFile; fileRef = BEFFBF652488E6C700627138 /* Assets.xcassets */; };
		BEFFBF692488E6C700627138 /* LaunchScreen.storyboard in Resources */ = {isa = PBXBuildFile; fileRef = BEFFBF672488E6C700627138 /* LaunchScreen.storyboard */; };
		BEFFBF6C2488E6C700627138 /* main.m in Sources */ = {isa = PBXBuildFile; fileRef = BEFFBF6B2488E6C700627138 /* main.m */; };
		BEFFBF742488EF7900627138 /* CustomOperation.m in Sources */ = {isa = PBXBuildFile; fileRef = BEFFBF732488EF7900627138 /* CustomOperation.m */; };
/* End PBXBuildFile section */

/* Begin PBXFileReference section */
		BEFFBF562488E6C400627138 /* 多线程-NSOperation2.app */ = {isa = PBXFileReference; explicitFileType = wrapper.application; includeInIndex = 0; path = "多线程-NSOperation2.app"; sourceTree = BUILT_PRODUCTS_DIR; };
		BEFFBF592488E6C400627138 /* AppDelegate.h */ = {isa = PBXFileReference; lastKnownFileType = sourcecode.c.h; path = AppDelegate.h; sourceTree = "<group>"; };
		BEFFBF5A2488E6C400627138 /* AppDelegate.m */ = {isa = PBXFileReference; lastKnownFileType = sourcecode.c.objc; path = AppDelegate.m; sourceTree = "<group>"; };
		BEFFBF5C2488E6C400627138 /* SceneDelegate.h */ = {isa = PBXFileReference; lastKnownFileType = sourcecode.c.h; path = SceneDelegate.h; sourceTree = "<group>"; };
		BEFFBF5D2488E6C400627138 /* SceneDelegate.m */ = {isa = PBXFileReference; lastKnownFileType = sourcecode.c.objc; path = SceneDelegate.m; sourceTree = "<group>"; };
		BEFFBF5F2488E6C400627138 /* ViewController.h */ = {isa = PBXFileReference; lastKnownFileType = sourcecode.c.h; path = ViewController.h; sourceTree = "<group>"; };
		BEFFBF602488E6C400627138 /* ViewController.m */ = {isa = PBXFileReference; lastKnownFileType = sourcecode.c.objc; path = ViewController.m; sourceTree = "<group>"; };
		BEFFBF632488E6C400627138 /* Base */ = {isa = PBXFileReference; lastKnownFileType = file.storyboard; name = Base; path = Base.lproj/Main.storyboard; sourceTree = "<group>"; };
		BEFFBF652488E6C700627138 /* Assets.xcassets */ = {isa = PBXFileReference; lastKnownFileType = folder.assetcatalog; path = Assets.xcassets; sourceTree = "<group>"; };
		BEFFBF682488E6C700627138 /* Base */ = {isa = PBXFileReference; lastKnownFileType = file.storyboard; name = Base; path = Base.lproj/LaunchScreen.storyboard; sourceTree = "<group>"; };
		BEFFBF6A2488E6C700627138 /* Info.plist */ = {isa = PBXFileReference; lastKnownFileType = text.plist.xml; path = Info.plist; sourceTree = "<group>"; };
		BEFFBF6B2488E6C700627138 /* main.m */ = {isa = PBXFileReference; lastKnownFileType = sourcecode.c.objc; path = main.m; sourceTree = "<group>"; };
		BEFFBF722488EF7900627138 /* CustomOperation.h */ = {isa = PBXFileReference; lastKnownFileType = sourcecode.c.h; path = CustomOperation.h; sourceTree = "<group>"; };
		BEFFBF732488EF7900627138 /* CustomOperation.m */ = {isa = PBXFileReference; lastKnownFileType = sourcecode.c.objc; path = CustomOperation.m; sourceTree = "<group>"; };
/* End PBXFileReference section */

/* Begin PBXFrameworksBuildPhase section */
		BEFFBF532488E6C400627138 /* Frameworks */ = {
			isa = PBXFrameworksBuildPhase;
			buildActionMask = 2147483647;
			files = (
			);
			runOnlyForDeploymentPostprocessing = 0;
		};
/* End PBXFrameworksBuildPhase section */

/* Begin PBXGroup section */
		BEFFBF4D2488E6C300627138 = {
			isa = PBXGroup;
			children = (
				BEFFBF582488E6C400627138 /* 多线程-NSOperation2 */,
				BEFFBF572488E6C400627138 /* Products */,
			);
			sourceTree = "<group>";
		};
		BEFFBF572488E6C400627138 /* Products */ = {
			isa = PBXGroup;
			children = (
				BEFFBF562488E6C400627138 /* 多线程-NSOperation2.app */,
			);
			name = Products;
			sourceTree = "<group>";
		};
		BEFFBF582488E6C400627138 /* 多线程-NSOperation2 */ = {
			isa = PBXGroup;
			children = (
				BEFFBF592488E6C400627138 /* AppDelegate.h */,
				BEFFBF5A2488E6C400627138 /* AppDelegate.m */,
				BEFFBF5C2488E6C400627138 /* SceneDelegate.h */,
				BEFFBF5D2488E6C400627138 /* SceneDelegate.m */,
				BEFFBF5F2488E6C400627138 /* ViewController.h */,
				BEFFBF602488E6C400627138 /* ViewController.m */,
				BEFFBF722488EF7900627138 /* CustomOperation.h */,
				BEFFBF732488EF7900627138 /* CustomOperation.m */,
				BEFFBF622488E6C400627138 /* Main.storyboard */,
				BEFFBF652488E6C700627138 /* Assets.xcassets */,
				BEFFBF672488E6C700627138 /* LaunchScreen.storyboard */,
				BEFFBF6A2488E6C700627138 /* Info.plist */,
				BEFFBF6B2488E6C700627138 /* main.m */,
			);
			path = "多线程-NSOperation2";
			sourceTree = "<group>";
		};
/* End PBXGroup section */

/* Begin PBXNativeTarget section */
		BEFFBF552488E6C400627138 /* 多线程-NSOperation2 */ = {
			isa = PBXNativeTarget;
			buildConfigurationList = BEFFBF6F2488E6C700627138 /* Build configuration list for PBXNativeTarget "多线程-NSOperation2" */;
			buildPhases = (
				BEFFBF522488E6C400627138 /* Sources */,
				BEFFBF532488E6C400627138 /* Frameworks */,
				BEFFBF542488E6C400627138 /* Resources */,
			);
			buildRules = (
			);
			dependencies = (
			);
			name = "多线程-NSOperation2";
			productName = "多线程-NSOperation2";
			productReference = BEFFBF562488E6C400627138 /* 多线程-NSOperation2.app */;
			productType = "com.apple.product-type.application";
		};
/* End PBXNativeTarget section */

/* Begin PBXProject section */
		BEFFBF4E2488E6C300627138 /* Project object */ = {
			isa = PBXProject;
			attributes = {
				LastUpgradeCheck = 1140;
				ORGANIZATIONNAME = Will;
				TargetAttributes = {
					BEFFBF552488E6C400627138 = {
						CreatedOnToolsVersion = 11.4;
					};
				};
			};
			buildConfigurationList = BEFFBF512488E6C300627138 /* Build configuration list for PBXProject "多线程-NSOperation2" */;
			compatibilityVersion = "Xcode 9.3";
			developmentRegion = en;
			hasScannedForEncodings = 0;
			knownRegions = (
				en,
				Base,
			);
			mainGroup = BEFFBF4D2488E6C300627138;
			productRefGroup = BEFFBF572488E6C400627138 /* Products */;
			projectDirPath = "";
			projectRoot = "";
			targets = (
				BEFFBF552488E6C400627138 /* 多线程-NSOperation2 */,
			);
		};
/* End PBXProject section */

/* Begin PBXResourcesBuildPhase section */
		BEFFBF542488E6C400627138 /* Resources */ = {
			isa = PBXResourcesBuildPhase;
			buildActionMask = 2147483647;
			files = (
				BEFFBF692488E6C700627138 /* LaunchScreen.storyboard in Resources */,
				BEFFBF662488E6C700627138 /* Assets.xcassets in Resources */,
				BEFFBF642488E6C400627138 /* Main.storyboard in Resources */,
			);
			runOnlyForDeploymentPostprocessing = 0;
		};
/* End PBXResourcesBuildPhase section */

/* Begin PBXSourcesBuildPhase section */
		BEFFBF522488E6C400627138 /* Sources */ = {
			isa = PBXSourcesBuildPhase;
			buildActionMask = 2147483647;
			files = (
				BEFFBF612488E6C400627138 /* ViewController.m in Sources */,
				BEFFBF5B2488E6C400627138 /* AppDelegate.m in Sources */,
				BEFFBF6C2488E6C700627138 /* main.m in Sources */,
				BEFFBF5E2488E6C400627138 /* SceneDelegate.m in Sources */,
				BEFFBF742488EF7900627138 /* CustomOperation.m in Sources */,
			);
			runOnlyForDeploymentPostprocessing = 0;
		};
/* End PBXSourcesBuildPhase section */

/* Begin PBXVariantGroup section */
		BEFFBF622488E6C400627138 /* Main.storyboard */ = {
			isa = PBXVariantGroup;
			children = (
				BEFFBF632488E6C400627138 /* Base */,
			);
			name = Main.storyboard;
			sourceTree = "<group>";
		};
		BEFFBF672488E6C700627138 /* LaunchScreen.storyboard */ = {
			isa = PBXVariantGroup;
			children = (
				BEFFBF682488E6C700627138 /* Base */,
			);
			name = LaunchScreen.storyboard;
			sourceTree = "<group>";
		};
/* End PBXVariantGroup section */

/* Begin XCBuildConfiguration section */
		BEFFBF6D2488E6C700627138 /* Debug */ = {
			isa = XCBuildConfiguration;
			buildSettings = {
				ALWAYS_SEARCH_USER_PATHS = NO;
				CLANG_ANALYZER_NONNULL = YES;
				CLANG_ANALYZER_NUMBER_OBJECT_CONVERSION = YES_AGGRESSIVE;
				CLANG_CXX_LANGUAGE_STANDARD = "gnu++14";
				CLANG_CXX_LIBRARY = "libc++";
				CLANG_ENABLE_MODULES = YES;
				CLANG_ENABLE_OBJC_ARC = YES;
				CLANG_ENABLE_OBJC_WEAK = YES;
				CLANG_WARN_BLOCK_CAPTURE_AUTORELEASING = YES;
				CLANG_WARN_BOOL_CONVERSION = YES;
				CLANG_WARN_COMMA = YES;
				CLANG_WARN_CONSTANT_CONVERSION = YES;
				CLANG_WARN_DEPRECATED_OBJC_IMPLEMENTATIONS = YES;
				CLANG_WARN_DIRECT_OBJC_ISA_USAGE = YES_ERROR;
				CLANG_WARN_DOCUMENTATION_COMMENTS = YES;
				CLANG_WARN_EMPTY_BODY = YES;
				CLANG_WARN_ENUM_CONVERSION = YES;
				CLANG_WARN_INFINITE_RECURSION = YES;
				CLANG_WARN_INT_CONVERSION = YES;
				CLANG_WARN_NON_LITERAL_NULL_CONVERSION = YES;
				CLANG_WARN_OBJC_IMPLICIT_RETAIN_SELF = YES;
				CLANG_WARN_OBJC_LITERAL_CONVERSION = YES;
				CLANG_WARN_OBJC_ROOT_CLASS = YES_ERROR;
				CLANG_WARN_RANGE_LOOP_ANALYSIS = YES;
				CLANG_WARN_STRICT_PROTOTYPES = YES;
				CLANG_WARN_SUSPICIOUS_MOVE = YES;
				CLANG_WARN_UNGUARDED_AVAILABILITY = YES_AGGRESSIVE;
				CLANG_WARN_UNREACHABLE_CODE = YES;
				CLANG_WARN__DUPLICATE_METHOD_MATCH = YES;
				COPY_PHASE_STRIP = NO;
				DEBUG_INFORMATION_FORMAT = dwarf;
				ENABLE_STRICT_OBJC_MSGSEND = YES;
				ENABLE_TESTABILITY = YES;
				GCC_C_LANGUAGE_STANDARD = gnu11;
				GCC_DYNAMIC_NO_PIC = NO;
				GCC_NO_COMMON_BLOCKS = YES;
				GCC_OPTIMIZATION_LEVEL = 0;
				GCC_PREPROCESSOR_DEFINITIONS = (
					"DEBUG=1",
					"$(inherited)",
				);
				GCC_WARN_64_TO_32_BIT_CONVERSION = YES;
				GCC_WARN_ABOUT_RETURN_TYPE = YES_ERROR;
				GCC_WARN_UNDECLARED_SELECTOR = YES;
				GCC_WARN_UNINITIALIZED_AUTOS = YES_AGGRESSIVE;
				GCC_WARN_UNUSED_FUNCTION = YES;
				GCC_WARN_UNUSED_VARIABLE = YES;
				IPHONEOS_DEPLOYMENT_TARGET = 13.4;
				MTL_ENABLE_DEBUG_INFO = INCLUDE_SOURCE;
				MTL_FAST_MATH = YES;
				ONLY_ACTIVE_ARCH = YES;
				SDKROOT = iphoneos;
			};
			name = Debug;
		};
		BEFFBF6E2488E6C700627138 /* Release */ = {
			isa = XCBuildConfiguration;
			buildSettings = {
				ALWAYS_SEARCH_USER_PATHS = NO;
				CLANG_ANALYZER_NONNULL = YES;
				CLANG_ANALYZER_NUMBER_OBJECT_CONVERSION = YES_AGGRESSIVE;
				CLANG_CXX_LANGUAGE_STANDARD = "gnu++14";
				CLANG_CXX_LIBRARY = "libc++";
				CLANG_ENABLE_MODULES = YES;
				CLANG_ENABLE_OBJC_ARC = YES;
				CLANG_ENABLE_OBJC_WEAK = YES;
				CLANG_WARN_BLOCK_CAPTURE_AUTORELEASING = YES;
				CLANG_WARN_BOOL_CONVERSION = YES;
				CLANG_WARN_COMMA = YES;
				CLANG_WARN_CONSTANT_CONVERSION = YES;
				CLANG_WARN_DEPRECATED_OBJC_IMPLEMENTATIONS = YES;
				CLANG_WARN_DIRECT_OBJC_ISA_USAGE = YES_ERROR;
				CLANG_WARN_DOCUMENTATION_COMMENTS = YES;
				CLANG_WARN_EMPTY_BODY = YES;
				CLANG_WARN_ENUM_CONVERSION = YES;
				CLANG_WARN_INFINITE_RECURSION = YES;
				CLANG_WARN_INT_CONVERSION = YES;
				CLANG_WARN_NON_LITERAL_NULL_CONVERSION = YES;
				CLANG_WARN_OBJC_IMPLICIT_RETAIN_SELF = YES;
				CLANG_WARN_OBJC_LITERAL_CONVERSION = YES;
				CLANG_WARN_OBJC_ROOT_CLASS = YES_ERROR;
				CLANG_WARN_RANGE_LOOP_ANALYSIS = YES;
				CLANG_WARN_STRICT_PROTOTYPES = YES;
				CLANG_WARN_SUSPICIOUS_MOVE = YES;
				CLANG_WARN_UNGUARDED_AVAILABILITY = YES_AGGRESSIVE;
				CLANG_WARN_UNREACHABLE_CODE = YES;
				CLANG_WARN__DUPLICATE_METHOD_MATCH = YES;
				COPY_PHASE_STRIP = NO;
				DEBUG_INFORMATION_FORMAT = "dwarf-with-dsym";
				ENABLE_NS_ASSERTIONS = NO;
				ENABLE_STRICT_OBJC_MSGSEND = YES;
				GCC_C_LANGUAGE_STANDARD = gnu11;
				GCC_NO_COMMON_BLOCKS = YES;
				GCC_WARN_64_TO_32_BIT_CONVERSION = YES;
				GCC_WARN_ABOUT_RETURN_TYPE = YES_ERROR;
				GCC_WARN_UNDECLARED_SELECTOR = YES;
				GCC_WARN_UNINITIALIZED_AUTOS = YES_AGGRESSIVE;
				GCC_WARN_UNUSED_FUNCTION = YES;
				GCC_WARN_UNUSED_VARIABLE = YES;
				IPHONEOS_DEPLOYMENT_TARGET = 13.4;
				MTL_ENABLE_DEBUG_INFO = NO;
				MTL_FAST_MATH = YES;
				SDKROOT = iphoneos;
				VALIDATE_PRODUCT = YES;
			};
			name = Release;
		};
		BEFFBF702488E6C700627138 /* Debug */ = {
			isa = XCBuildConfiguration;
			buildSettings = {
				ASSETCATALOG_COMPILER_APPICON_NAME = AppIcon;
				CODE_SIGN_STYLE = Automatic;
				INFOPLIST_FILE = "多线程-NSOperation2/Info.plist";
				LD_RUNPATH_SEARCH_PATHS = (
					"$(inherited)",
					"@executable_path/Frameworks",
				);
				PRODUCT_BUNDLE_IDENTIFIER = "ccc.----NSOperation2";
				PRODUCT_NAME = "$(TARGET_NAME)";
				TARGETED_DEVICE_FAMILY = "1,2";
			};
			name = Debug;
		};
		BEFFBF712488E6C700627138 /* Release */ = {
			isa = XCBuildConfiguration;
			buildSettings = {
				ASSETCATALOG_COMPILER_APPICON_NAME = AppIcon;
				CODE_SIGN_STYLE = Automatic;
				INFOPLIST_FILE = "多线程-NSOperation2/Info.plist";
				LD_RUNPATH_SEARCH_PATHS = (
					"$(inherited)",
					"@executable_path/Frameworks",
				);
				PRODUCT_BUNDLE_IDENTIFIER = "ccc.----NSOperation2";
				PRODUCT_NAME = "$(TARGET_NAME)";
				TARGETED_DEVICE_FAMILY = "1,2";
			};
			name = Release;
		};
/* End XCBuildConfiguration section */

/* Begin XCConfigurationList section */
		BEFFBF512488E6C300627138 /* Build configuration list for PBXProject "多线程-NSOperation2" */ = {
			isa = XCConfigurationList;
			buildConfigurations = (
				BEFFBF6D2488E6C700627138 /* Debug */,
				BEFFBF6E2488E6C700627138 /* Release */,
			);
			defaultConfigurationIsVisible = 0;
			defaultConfigurationName = Release;
		};
		BEFFBF6F2488E6C700627138 /* Build configuration list for PBXNativeTarget "多线程-NSOperation2" */ = {
			isa = XCConfigurationList;
			buildConfigurations = (
				BEFFBF702488E6C700627138 /* Debug */,
				BEFFBF712488E6C700627138 /* Release */,
			);
			defaultConfigurationIsVisible = 0;
			defaultConfigurationName = Release;
		};
/* End XCConfigurationList section */
	};
	rootObject = BEFFBF4E2488E6C300627138 /* Project object */;
}
